
Microsoft Visual Studio Solution File, Format Version 12.00
# Visual Studio Version 16
VisualStudioVersion = 16.0.30204.135
MinimumVisualStudioVersion = 15.0.26124.0
Project("{9A19103F-16F7-4668-BE54-9A1E7A4F7556}") = "TrainConsole", "TrainConsole\TrainConsole.csproj", "{47230164-8E4D-45F1-AA7F-56531383F717}"
EndProject
Project("{9A19103F-16F7-4668-BE54-9A1E7A4F7556}") = "Web", "Web\Web.csproj", "{59945E48-E060-4702-AF5A-9D3260225564}"
EndProject
Project("{9A19103F-16F7-4668-BE54-9A1E7A4F7556}") = "Shared", "Shared\Shared.csproj", "{87EF0105-0E94-4E41-B51B-FE8D60F59EBA}"
EndProject
Project("{9A19103F-16F7-4668-BE54-9A1E7A4F7556}") = "DataTests", "..\test\DataTests\DataTests.csproj", "{4D24584B-34DF-41E9-9619-99BFBEBA2E79}"
EndProject
Project("{9A19103F-16F7-4668-BE54-9A1E7A4F7556}") = "ModelTests", "..\test\ModelTests\ModelTests.csproj", "{592559C1-EE44-46BB-A295-65FE937056B8}"
EndProject
Project("{2150E333-8FDC-42A3-9474-1A3956D46DE8}") = "Tests", "Tests", "{ACF5C619-35A8-42D6-866B-317318C2C3C5}"
EndProject
Global
	GlobalSection(SolutionConfigurationPlatforms) = preSolution
		Debug|Any CPU = Debug|Any CPU
		Debug|x64 = Debug|x64
		Debug|x86 = Debug|x86
		Release|Any CPU = Release|Any CPU
		Release|x64 = Release|x64
		Release|x86 = Release|x86
	EndGlobalSection
	GlobalSection(ProjectConfigurationPlatforms) = postSolution
		{47230164-8E4D-45F1-AA7F-56531383F717}.Debug|Any CPU.ActiveCfg = Debug|Any CPU
		{47230164-8E4D-45F1-AA7F-56531383F717}.Debug|Any CPU.Build.0 = Debug|Any CPU
		{47230164-8E4D-45F1-AA7F-56531383F717}.Debug|x64.ActiveCfg = Debug|Any CPU
		{47230164-8E4D-45F1-AA7F-56531383F717}.Debug|x64.Build.0 = Debug|Any CPU
		{47230164-8E4D-45F1-AA7F-56531383F717}.Debug|x86.ActiveCfg = Debug|Any CPU
		{47230164-8E4D-45F1-AA7F-56531383F717}.Debug|x86.Build.0 = Debug|Any CPU
		{47230164-8E4D-45F1-AA7F-56531383F717}.Release|Any CPU.ActiveCfg = Release|Any CPU
		{47230164-8E4D-45F1-AA7F-56531383F717}.Release|Any CPU.Build.0 = Release|Any CPU
		{47230164-8E4D-45F1-AA7F-56531383F717}.Release|x64.ActiveCfg = Release|Any CPU
		{47230164-8E4D-45F1-AA7F-56531383F717}.Release|x64.Build.0 = Release|Any CPU
		{47230164-8E4D-45F1-AA7F-56531383F717}.Release|x86.ActiveCfg = Release|Any CPU
		{47230164-8E4D-45F1-AA7F-56531383F717}.Release|x86.Build.0 = Release|Any CPU
		{59945E48-E060-4702-AF5A-9D3260225564}.Debug|Any CPU.ActiveCfg = Debug|Any CPU
		{59945E48-E060-4702-AF5A-9D3260225564}.Debug|Any CPU.Build.0 = Debug|Any CPU
		{59945E48-E060-4702-AF5A-9D3260225564}.Debug|x64.ActiveCfg = Debug|Any CPU
		{59945E48-E060-4702-AF5A-9D3260225564}.Debug|x64.Build.0 = Debug|Any CPU
		{59945E48-E060-4702-AF5A-9D3260225564}.Debug|x86.ActiveCfg = Debug|Any CPU
		{59945E48-E060-4702-AF5A-9D3260225564}.Debug|x86.Build.0 = Debug|Any CPU
		{59945E48-E060-4702-AF5A-9D3260225564}.Release|Any CPU.ActiveCfg = Release|Any CPU
		{59945E48-E060-4702-AF5A-9D3260225564}.Release|Any CPU.Build.0 = Release|Any CPU
		{59945E48-E060-4702-AF5A-9D3260225564}.Release|x64.ActiveCfg = Release|Any CPU
		{59945E48-E060-4702-AF5A-9D3260225564}.Release|x64.Build.0 = Release|Any CPU
		{59945E48-E060-4702-AF5A-9D3260225564}.Release|x86.ActiveCfg = Release|Any CPU
		{59945E48-E060-4702-AF5A-9D3260225564}.Release|x86.Build.0 = Release|Any CPU
		{87EF0105-0E94-4E41-B51B-FE8D60F59EBA}.Debug|Any CPU.ActiveCfg = Debug|Any CPU
		{87EF0105-0E94-4E41-B51B-FE8D60F59EBA}.Debug|Any CPU.Build.0 = Debug|Any CPU
		{87EF0105-0E94-4E41-B51B-FE8D60F59EBA}.Debug|x64.ActiveCfg = Debug|Any CPU
		{87EF0105-0E94-4E41-B51B-FE8D60F59EBA}.Debug|x64.Build.0 = Debug|Any CPU
		{87EF0105-0E94-4E41-B51B-FE8D60F59EBA}.Debug|x86.ActiveCfg = Debug|Any CPU
		{87EF0105-0E94-4E41-B51B-FE8D60F59EBA}.Debug|x86.Build.0 = Debug|Any CPU
		{87EF0105-0E94-4E41-B51B-FE8D60F59EBA}.Release|Any CPU.ActiveCfg = Release|Any CPU
		{87EF0105-0E94-4E41-B51B-FE8D60F59EBA}.Release|Any CPU.Build.0 = Release|Any CPU
		{87EF0105-0E94-4E41-B51B-FE8D60F59EBA}.Release|x64.ActiveCfg = Release|Any CPU
		{87EF0105-0E94-4E41-B51B-FE8D60F59EBA}.Release|x64.Build.0 = Release|Any CPU
		{87EF0105-0E94-4E41-B51B-FE8D60F59EBA}.Release|x86.ActiveCfg = Release|Any CPU
		{87EF0105-0E94-4E41-B51B-FE8D60F59EBA}.Release|x86.Build.0 = Release|Any CPU
		{4D24584B-34DF-41E9-9619-99BFBEBA2E79}.Debug|Any CPU.ActiveCfg = Debug|Any CPU
		{4D24584B-34DF-41E9-9619-99BFBEBA2E79}.Debug|Any CPU.Build.0 = Debug|Any CPU
		{4D24584B-34DF-41E9-9619-99BFBEBA2E79}.Debug|x64.ActiveCfg = Debug|Any CPU
		{4D24584B-34DF-41E9-9619-99BFBEBA2E79}.Debug|x64.Build.0 = Debug|Any CPU
		{4D24584B-34DF-41E9-9619-99BFBEBA2E79}.Debug|x86.ActiveCfg = Debug|Any CPU
		{4D24584B-34DF-41E9-9619-99BFBEBA2E79}.Debug|x86.Build.0 = Debug|Any CPU
		{4D24584B-34DF-41E9-9619-99BFBEBA2E79}.Release|Any CPU.ActiveCfg = Release|Any CPU
		{4D24584B-34DF-41E9-9619-99BFBEBA2E79}.Release|Any CPU.Build.0 = Release|Any CPU
		{4D24584B-34DF-41E9-9619-99BFBEBA2E79}.Release|x64.ActiveCfg = Release|Any CPU
		{4D24584B-34DF-41E9-9619-99BFBEBA2E79}.Release|x64.Build.0 = Release|Any CPU
		{4D24584B-34DF-41E9-9619-99BFBEBA2E79}.Release|x86.ActiveCfg = Release|Any CPU
		{4D24584B-34DF-41E9-9619-99BFBEBA2E79}.Release|x86.Build.0 = Release|Any CPU
		{592559C1-EE44-46BB-A295-65FE937056B8}.Debug|Any CPU.ActiveCfg = Debug|Any CPU
		{592559C1-EE44-46BB-A295-65FE937056B8}.Debug|Any CPU.Build.0 = Debug|Any CPU
		{592559C1-EE44-46BB-A295-65FE937056B8}.Debug|x64.ActiveCfg = Debug|Any CPU
		{592559C1-EE44-46BB-A295-65FE937056B8}.Debug|x64.Build.0 = Debug|Any CPU
		{592559C1-EE44-46BB-A295-65FE937056B8}.Debug|x86.ActiveCfg = Debug|Any CPU
		{592559C1-EE44-46BB-A295-65FE937056B8}.Debug|x86.Build.0 = Debug|Any CPU
		{592559C1-EE44-46BB-A295-65FE937056B8}.Release|Any CPU.ActiveCfg = Release|Any CPU
		{592559C1-EE44-46BB-A295-65FE937056B8}.Release|Any CPU.Build.0 = Release|Any CPU
		{592559C1-EE44-46BB-A295-65FE937056B8}.Release|x64.ActiveCfg = Release|Any CPU
		{592559C1-EE44-46BB-A295-65FE937056B8}.Release|x64.Build.0 = Release|Any CPU
		{592559C1-EE44-46BB-A295-65FE937056B8}.Release|x86.ActiveCfg = Release|Any CPU
		{592559C1-EE44-46BB-A295-65FE937056B8}.Release|x86.Build.0 = Release|Any CPU
	EndGlobalSection
	GlobalSection(SolutionProperties) = preSolution
		HideSolutionNode = FALSE
	EndGlobalSection
	GlobalSection(NestedProjects) = preSolution
		{4D24584B-34DF-41E9-9619-99BFBEBA2E79} = {ACF5C619-35A8-42D6-866B-317318C2C3C5}
		{592559C1-EE44-46BB-A295-65FE937056B8} = {ACF5C619-35A8-42D6-866B-317318C2C3C5}
	EndGlobalSection
	GlobalSection(ExtensibilityGlobals) = postSolution
		SolutionGuid = {35027409-DCB3-4AFF-A2CE-B4423AB0E613}
	EndGlobalSection
EndGlobal
